
Microsoft Visual Studio Solution File, Format Version 12.00
# Visual Studio Version 16
VisualStudioVersion = 16.0.29609.76
MinimumVisualStudioVersion = 10.0.40219.1
Project("{8BC9CEB8-8B4A-11D0-8D11-00A0C91BC942}") = "work_3", "work_3\work_3.vcxproj", "{55194D16-35AC-40F7-904E-CC71E6B52B3C}"
EndProject
Global
	GlobalSection(SolutionConfigurationPlatforms) = preSolution
		Debug|x64 = Debug|x64
		Debug|x86 = Debug|x86
		Release|x64 = Release|x64
		Release|x86 = Release|x86
	EndGlobalSection
	GlobalSection(ProjectConfigurationPlatforms) = postSolution
		{55194D16-35AC-40F7-904E-CC71E6B52B3C}.Debug|x64.ActiveCfg = Debug|x64
		{55194D16-35AC-40F7-904E-CC71E6B52B3C}.Debug|x64.Build.0 = Debug|x64
		{55194D16-35AC-40F7-904E-CC71E6B52B3C}.Debug|x86.ActiveCfg = Debug|Win32
		{55194D16-35AC-40F7-904E-CC71E6B52B3C}.Debug|x86.Build.0 = Debug|Win32
		{55194D16-35AC-40F7-904E-CC71E6B52B3C}.Release|x64.ActiveCfg = Release|x64
		{55194D16-35AC-40F7-904E-CC71E6B52B3C}.Release|x64.Build.0 = Release|x64
		{55194D16-35AC-40F7-904E-CC71E6B52B3C}.Release|x86.ActiveCfg = Release|Win32
		{55194D16-35AC-40F7-904E-CC71E6B52B3C}.Release|x86.Build.0 = Release|Win32
	EndGlobalSection
	GlobalSection(SolutionProperties) = preSolution
		HideSolutionNode = FALSE
	EndGlobalSection
	GlobalSection(ExtensibilityGlobals) = postSolution
		SolutionGuid = {E2C94E09-666D-4665-AF69-8BF4D2777C45}
	EndGlobalSection
EndGlobal
